
Microsoft Visual Studio Solution File, Format Version 12.00
# Visual Studio Version 17
VisualStudioVersion = 17.11.35219.272
MinimumVisualStudioVersion = 10.0.40219.1
Project("{FAE04EC0-301F-11D3-BF4B-00C04F79EFBC}") = "WeatherWiz", "WeatherWiz\WeatherWiz.csproj", "{EA54763C-A424-498A-8D25-E28582784B3A}"
EndProject
Global
	GlobalSection(SolutionConfigurationPlatforms) = preSolution
		Debug|Any CPU = Debug|Any CPU
		Release|Any CPU = Release|Any CPU
	EndGlobalSection
	GlobalSection(ProjectConfigurationPlatforms) = postSolution
		{EA54763C-A424-498A-8D25-E28582784B3A}.Debug|Any CPU.ActiveCfg = Debug|Any CPU
		{EA54763C-A424-498A-8D25-E28582784B3A}.Debug|Any CPU.Build.0 = Debug|Any CPU
		{EA54763C-A424-498A-8D25-E28582784B3A}.Debug|Any CPU.Deploy.0 = Debug|Any CPU
		{EA54763C-A424-498A-8D25-E28582784B3A}.Release|Any CPU.ActiveCfg = Release|Any CPU
		{EA54763C-A424-498A-8D25-E28582784B3A}.Release|Any CPU.Build.0 = Release|Any CPU
		{EA54763C-A424-498A-8D25-E28582784B3A}.Release|Any CPU.Deploy.0 = Release|Any CPU
	EndGlobalSection
	GlobalSection(SolutionProperties) = preSolution
		HideSolutionNode = FALSE
	EndGlobalSection
	GlobalSection(ExtensibilityGlobals) = postSolution
		SolutionGuid = {33D45782-DBAF-48C8-A92E-C24817395EDE}
	EndGlobalSection
EndGlobal
